
Microsoft Visual Studio Solution File, Format Version 12.00
# Visual Studio Version 17
VisualStudioVersion = 17.0.31717.71
MinimumVisualStudioVersion = 10.0.40219.1
Project("{54A90642-561A-4BB1-A94E-469ADEE60C69}") = "Frontend", "Frontend\Frontend.esproj", "{D3A5F998-2BD8-4385-8F21-6A65448A3C14}"
EndProject
Project("{9A19103F-16F7-4668-BE54-9A1E7A4F7556}") = "API", "API\API.csproj", "{7731FC0C-E3CE-4DDB-9AC8-1C60F63407F0}"
EndProject
Project("{9A19103F-16F7-4668-BE54-9A1E7A4F7556}") = "DataAccess", "DataAccess\DataAccess.csproj", "{63C378C8-630D-42AD-A19E-0B5A701F4DB7}"
EndProject
Project("{9A19103F-16F7-4668-BE54-9A1E7A4F7556}") = "UnitTests", "UnitTests\UnitTests.csproj", "{165C8D93-FEB5-446C-9F7C-ABC4F583255D}"
EndProject
Global
	GlobalSection(SolutionConfigurationPlatforms) = preSolution
		Debug|Any CPU = Debug|Any CPU
		Release|Any CPU = Release|Any CPU
	EndGlobalSection
	GlobalSection(ProjectConfigurationPlatforms) = postSolution
		{D3A5F998-2BD8-4385-8F21-6A65448A3C14}.Debug|Any CPU.ActiveCfg = Debug|Any CPU
		{D3A5F998-2BD8-4385-8F21-6A65448A3C14}.Debug|Any CPU.Build.0 = Debug|Any CPU
		{D3A5F998-2BD8-4385-8F21-6A65448A3C14}.Debug|Any CPU.Deploy.0 = Debug|Any CPU
		{D3A5F998-2BD8-4385-8F21-6A65448A3C14}.Release|Any CPU.ActiveCfg = Release|Any CPU
		{D3A5F998-2BD8-4385-8F21-6A65448A3C14}.Release|Any CPU.Build.0 = Release|Any CPU
		{D3A5F998-2BD8-4385-8F21-6A65448A3C14}.Release|Any CPU.Deploy.0 = Release|Any CPU
		{7731FC0C-E3CE-4DDB-9AC8-1C60F63407F0}.Debug|Any CPU.ActiveCfg = Debug|Any CPU
		{7731FC0C-E3CE-4DDB-9AC8-1C60F63407F0}.Debug|Any CPU.Build.0 = Debug|Any CPU
		{7731FC0C-E3CE-4DDB-9AC8-1C60F63407F0}.Release|Any CPU.ActiveCfg = Release|Any CPU
		{7731FC0C-E3CE-4DDB-9AC8-1C60F63407F0}.Release|Any CPU.Build.0 = Release|Any CPU
		{63C378C8-630D-42AD-A19E-0B5A701F4DB7}.Debug|Any CPU.ActiveCfg = Debug|Any CPU
		{63C378C8-630D-42AD-A19E-0B5A701F4DB7}.Debug|Any CPU.Build.0 = Debug|Any CPU
		{63C378C8-630D-42AD-A19E-0B5A701F4DB7}.Release|Any CPU.ActiveCfg = Release|Any CPU
		{63C378C8-630D-42AD-A19E-0B5A701F4DB7}.Release|Any CPU.Build.0 = Release|Any CPU
		{165C8D93-FEB5-446C-9F7C-ABC4F583255D}.Debug|Any CPU.ActiveCfg = Debug|Any CPU
		{165C8D93-FEB5-446C-9F7C-ABC4F583255D}.Debug|Any CPU.Build.0 = Debug|Any CPU
		{165C8D93-FEB5-446C-9F7C-ABC4F583255D}.Release|Any CPU.ActiveCfg = Release|Any CPU
		{165C8D93-FEB5-446C-9F7C-ABC4F583255D}.Release|Any CPU.Build.0 = Release|Any CPU
	EndGlobalSection
	GlobalSection(SolutionProperties) = preSolution
		HideSolutionNode = FALSE
	EndGlobalSection
	GlobalSection(ExtensibilityGlobals) = postSolution
		SolutionGuid = {B76B2A6F-70A8-45D9-AE21-A29814962EA5}
	EndGlobalSection
EndGlobal
